
Microsoft Visual Studio Solution File, Format Version 12.00
# Visual Studio 2013
VisualStudioVersion = 12.0.21005.1
MinimumVisualStudioVersion = 10.0.40219.1
Project("{FAE04EC0-301F-11D3-BF4B-00C04F79EFBC}") = "Backend", "Backend\Backend.csproj", "{AB96BB6A-7EB1-4001-A39A-6F553EE50B40}"
EndProject
Project("{FAE04EC0-301F-11D3-BF4B-00C04F79EFBC}") = "Repository", "Repository\Repository.csproj", "{C2802730-FD8C-4220-B820-820351488856}"
EndProject
Project("{FAE04EC0-301F-11D3-BF4B-00C04F79EFBC}") = "Service", "Service\Service.csproj", "{3BCAFFAD-792E-4F01-804F-24C51EFE9D93}"
EndProject
Project("{FAE04EC0-301F-11D3-BF4B-00C04F79EFBC}") = "Utility", "Utility\Utility.csproj", "{6D1820B1-2FA4-4F1D-8493-4656A7A21AAA}"
EndProject
Project("{FAE04EC0-301F-11D3-BF4B-00C04F79EFBC}") = "Model", "Model\Model.csproj", "{53D75BA8-7A95-427D-8074-52E768D9AE5A}"
EndProject
Project("{2150E333-8FDC-42A3-9474-1A3956D46DE8}") = "Core", "Core", "{60A16472-187D-4AC1-9F13-068791A63CF9}"
EndProject
Project("{2150E333-8FDC-42A3-9474-1A3956D46DE8}") = "Client", "Client", "{A541116A-0828-49C7-9E5A-7893E105983B}"
EndProject
Project("{2150E333-8FDC-42A3-9474-1A3956D46DE8}") = "Dto", "Dto", "{DF513E48-3ED7-430B-BA2E-4475AFF235B5}"
EndProject
Project("{FAE04EC0-301F-11D3-BF4B-00C04F79EFBC}") = "ServiceDto", "ServiceDto\ServiceDto.csproj", "{59AD611D-B901-413E-986D-88E63EC600BB}"
EndProject
Project("{FAE04EC0-301F-11D3-BF4B-00C04F79EFBC}") = "ClientDto", "ClientDto\ClientDto.csproj", "{03585AD3-011B-4F8A-AD7B-43E457227910}"
EndProject
Project("{2150E333-8FDC-42A3-9474-1A3956D46DE8}") = "Infrastructure", "Infrastructure", "{C8222469-0C11-4799-B75D-BBDF0EAE8887}"
EndProject
Project("{FAE04EC0-301F-11D3-BF4B-00C04F79EFBC}") = "Common", "Common\Common.csproj", "{C976779B-E97B-4F5B-9485-416DCB923296}"
EndProject
Project("{FAE04EC0-301F-11D3-BF4B-00C04F79EFBC}") = "Api", "Api\Api.csproj", "{F1FED94B-4E57-4426-81B2-1D1B767F1332}"
EndProject
Global
	GlobalSection(SolutionConfigurationPlatforms) = preSolution
		Debug|Any CPU = Debug|Any CPU
		Release|Any CPU = Release|Any CPU
	EndGlobalSection
	GlobalSection(ProjectConfigurationPlatforms) = postSolution
		{AB96BB6A-7EB1-4001-A39A-6F553EE50B40}.Debug|Any CPU.ActiveCfg = Debug|Any CPU
		{AB96BB6A-7EB1-4001-A39A-6F553EE50B40}.Debug|Any CPU.Build.0 = Debug|Any CPU
		{AB96BB6A-7EB1-4001-A39A-6F553EE50B40}.Release|Any CPU.ActiveCfg = Release|Any CPU
		{AB96BB6A-7EB1-4001-A39A-6F553EE50B40}.Release|Any CPU.Build.0 = Release|Any CPU
		{C2802730-FD8C-4220-B820-820351488856}.Debug|Any CPU.ActiveCfg = Debug|Any CPU
		{C2802730-FD8C-4220-B820-820351488856}.Debug|Any CPU.Build.0 = Debug|Any CPU
		{C2802730-FD8C-4220-B820-820351488856}.Release|Any CPU.ActiveCfg = Release|Any CPU
		{C2802730-FD8C-4220-B820-820351488856}.Release|Any CPU.Build.0 = Release|Any CPU
		{3BCAFFAD-792E-4F01-804F-24C51EFE9D93}.Debug|Any CPU.ActiveCfg = Debug|Any CPU
		{3BCAFFAD-792E-4F01-804F-24C51EFE9D93}.Debug|Any CPU.Build.0 = Debug|Any CPU
		{3BCAFFAD-792E-4F01-804F-24C51EFE9D93}.Release|Any CPU.ActiveCfg = Release|Any CPU
		{3BCAFFAD-792E-4F01-804F-24C51EFE9D93}.Release|Any CPU.Build.0 = Release|Any CPU
		{6D1820B1-2FA4-4F1D-8493-4656A7A21AAA}.Debug|Any CPU.ActiveCfg = Debug|Any CPU
		{6D1820B1-2FA4-4F1D-8493-4656A7A21AAA}.Debug|Any CPU.Build.0 = Debug|Any CPU
		{6D1820B1-2FA4-4F1D-8493-4656A7A21AAA}.Release|Any CPU.ActiveCfg = Release|Any CPU
		{6D1820B1-2FA4-4F1D-8493-4656A7A21AAA}.Release|Any CPU.Build.0 = Release|Any CPU
		{53D75BA8-7A95-427D-8074-52E768D9AE5A}.Debug|Any CPU.ActiveCfg = Debug|Any CPU
		{53D75BA8-7A95-427D-8074-52E768D9AE5A}.Debug|Any CPU.Build.0 = Debug|Any CPU
		{53D75BA8-7A95-427D-8074-52E768D9AE5A}.Release|Any CPU.ActiveCfg = Release|Any CPU
		{53D75BA8-7A95-427D-8074-52E768D9AE5A}.Release|Any CPU.Build.0 = Release|Any CPU
		{59AD611D-B901-413E-986D-88E63EC600BB}.Debug|Any CPU.ActiveCfg = Debug|Any CPU
		{59AD611D-B901-413E-986D-88E63EC600BB}.Debug|Any CPU.Build.0 = Debug|Any CPU
		{59AD611D-B901-413E-986D-88E63EC600BB}.Release|Any CPU.ActiveCfg = Release|Any CPU
		{59AD611D-B901-413E-986D-88E63EC600BB}.Release|Any CPU.Build.0 = Release|Any CPU
		{03585AD3-011B-4F8A-AD7B-43E457227910}.Debug|Any CPU.ActiveCfg = Debug|Any CPU
		{03585AD3-011B-4F8A-AD7B-43E457227910}.Debug|Any CPU.Build.0 = Debug|Any CPU
		{03585AD3-011B-4F8A-AD7B-43E457227910}.Release|Any CPU.ActiveCfg = Release|Any CPU
		{03585AD3-011B-4F8A-AD7B-43E457227910}.Release|Any CPU.Build.0 = Release|Any CPU
		{C976779B-E97B-4F5B-9485-416DCB923296}.Debug|Any CPU.ActiveCfg = Debug|Any CPU
		{C976779B-E97B-4F5B-9485-416DCB923296}.Debug|Any CPU.Build.0 = Debug|Any CPU
		{C976779B-E97B-4F5B-9485-416DCB923296}.Release|Any CPU.ActiveCfg = Release|Any CPU
		{C976779B-E97B-4F5B-9485-416DCB923296}.Release|Any CPU.Build.0 = Release|Any CPU
		{F1FED94B-4E57-4426-81B2-1D1B767F1332}.Debug|Any CPU.ActiveCfg = Debug|Any CPU
		{F1FED94B-4E57-4426-81B2-1D1B767F1332}.Debug|Any CPU.Build.0 = Debug|Any CPU
		{F1FED94B-4E57-4426-81B2-1D1B767F1332}.Release|Any CPU.ActiveCfg = Release|Any CPU
		{F1FED94B-4E57-4426-81B2-1D1B767F1332}.Release|Any CPU.Build.0 = Release|Any CPU
	EndGlobalSection
	GlobalSection(SolutionProperties) = preSolution
		HideSolutionNode = FALSE
	EndGlobalSection
	GlobalSection(NestedProjects) = preSolution
		{AB96BB6A-7EB1-4001-A39A-6F553EE50B40} = {A541116A-0828-49C7-9E5A-7893E105983B}
		{F1FED94B-4E57-4426-81B2-1D1B767F1332} = {A541116A-0828-49C7-9E5A-7893E105983B}
		{3BCAFFAD-792E-4F01-804F-24C51EFE9D93} = {60A16472-187D-4AC1-9F13-068791A63CF9}
		{53D75BA8-7A95-427D-8074-52E768D9AE5A} = {60A16472-187D-4AC1-9F13-068791A63CF9}
		{C2802730-FD8C-4220-B820-820351488856} = {60A16472-187D-4AC1-9F13-068791A63CF9}
		{6D1820B1-2FA4-4F1D-8493-4656A7A21AAA} = {C8222469-0C11-4799-B75D-BBDF0EAE8887}
		{C976779B-E97B-4F5B-9485-416DCB923296} = {C8222469-0C11-4799-B75D-BBDF0EAE8887}
		{59AD611D-B901-413E-986D-88E63EC600BB} = {DF513E48-3ED7-430B-BA2E-4475AFF235B5}
		{03585AD3-011B-4F8A-AD7B-43E457227910} = {DF513E48-3ED7-430B-BA2E-4475AFF235B5}
	EndGlobalSection
EndGlobal
